
Microsoft Visual Studio Solution File, Format Version 12.00
# Visual Studio Version 17
VisualStudioVersion = 17.0.32014.148
MinimumVisualStudioVersion = 10.0.40219.1
Project("{8BC9CEB8-8B4A-11D0-8D11-00A0C91BC942}") = "OpenGLFromDocument", "OpenGLFromDocument\OpenGLFromDocument.vcxproj", "{43BAE656-8FD9-40F6-A719-1D1F04939D10}"
EndProject
Global
	GlobalSection(SolutionConfigurationPlatforms) = preSolution
		Debug|x64 = Debug|x64
		Debug|x86 = Debug|x86
		Release|x64 = Release|x64
		Release|x86 = Release|x86
	EndGlobalSection
	GlobalSection(ProjectConfigurationPlatforms) = postSolution
		{43BAE656-8FD9-40F6-A719-1D1F04939D10}.Debug|x64.ActiveCfg = Debug|x64
		{43BAE656-8FD9-40F6-A719-1D1F04939D10}.Debug|x64.Build.0 = Debug|x64
		{43BAE656-8FD9-40F6-A719-1D1F04939D10}.Debug|x86.ActiveCfg = Debug|Win32
		{43BAE656-8FD9-40F6-A719-1D1F04939D10}.Debug|x86.Build.0 = Debug|Win32
		{43BAE656-8FD9-40F6-A719-1D1F04939D10}.Release|x64.ActiveCfg = Release|x64
		{43BAE656-8FD9-40F6-A719-1D1F04939D10}.Release|x64.Build.0 = Release|x64
		{43BAE656-8FD9-40F6-A719-1D1F04939D10}.Release|x86.ActiveCfg = Release|Win32
		{43BAE656-8FD9-40F6-A719-1D1F04939D10}.Release|x86.Build.0 = Release|Win32
	EndGlobalSection
	GlobalSection(SolutionProperties) = preSolution
		HideSolutionNode = FALSE
	EndGlobalSection
	GlobalSection(ExtensibilityGlobals) = postSolution
		SolutionGuid = {B87AB6E4-8604-403C-9AA1-6EC01631399E}
	EndGlobalSection
EndGlobal
